
Microsoft Visual Studio Solution File, Format Version 12.00
# Visual Studio 14
VisualStudioVersion = 14.0.25123.0
MinimumVisualStudioVersion = 10.0.40219.1
Project("{2150E333-8FDC-42A3-9474-1A3956D46DE8}") = "Solution Items", "Solution Items", "{01D4AA05-94CD-4966-A2EF-6EBF3A82C84C}"
	ProjectSection(SolutionItems) = preProject
		.gitattributes = .gitattributes
		.gitignore = .gitignore
		LICENSE = LICENSE
		README.md = README.md
		packages\repositories.config = packages\repositories.config
		SharedAssemblyInfo.cs = SharedAssemblyInfo.cs
	EndProjectSection
EndProject
Project("{FAE04EC0-301F-11D3-BF4B-00C04F79EFBC}") = "AudioSharp.Config", "AudioSharp.Config\AudioSharp.Config.csproj", "{FDE08A0C-243D-47F2-8AB7-9B4DD73ED97F}"
EndProject
Project("{FAE04EC0-301F-11D3-BF4B-00C04F79EFBC}") = "AudioSharp.Core", "AudioSharp.Core\AudioSharp.Core.csproj", "{DF0D4F9C-26ED-416F-8859-582495A23599}"
EndProject
Project("{FAE04EC0-301F-11D3-BF4B-00C04F79EFBC}") = "AudioSharp.Translations", "AudioSharp.Translations\AudioSharp.Translations.csproj", "{0E5BEF57-5D0F-414C-8B3D-B8A3924BDE71}"
EndProject
Project("{FAE04EC0-301F-11D3-BF4B-00C04F79EFBC}") = "AudioSharp.Utils", "AudioSharp.Utils\AudioSharp.Utils.csproj", "{65EB8D41-2BEF-4627-B1B6-CD295563DB29}"
EndProject
Project("{FAE04EC0-301F-11D3-BF4B-00C04F79EFBC}") = "AudioSharp.GUI.Wpf", "AudioSharp.GUI.Wpf\AudioSharp.GUI.Wpf.csproj", "{D94BA931-0CB8-421A-9067-E7797BB17D49}"
EndProject
Project("{FAE04EC0-301F-11D3-BF4B-00C04F79EFBC}") = "AudioSharp.GUI.CustomControls", "AudioSharp.GUI.CustomControls\AudioSharp.GUI.CustomControls.csproj", "{C69AC190-6081-4A36-B140-6A7CBCCCE990}"
EndProject
Global
	GlobalSection(SolutionConfigurationPlatforms) = preSolution
		Debug|Any CPU = Debug|Any CPU
		Release|Any CPU = Release|Any CPU
	EndGlobalSection
	GlobalSection(ProjectConfigurationPlatforms) = postSolution
		{FDE08A0C-243D-47F2-8AB7-9B4DD73ED97F}.Debug|Any CPU.ActiveCfg = Debug|Any CPU
		{FDE08A0C-243D-47F2-8AB7-9B4DD73ED97F}.Debug|Any CPU.Build.0 = Debug|Any CPU
		{FDE08A0C-243D-47F2-8AB7-9B4DD73ED97F}.Release|Any CPU.ActiveCfg = Release|Any CPU
		{FDE08A0C-243D-47F2-8AB7-9B4DD73ED97F}.Release|Any CPU.Build.0 = Release|Any CPU
		{DF0D4F9C-26ED-416F-8859-582495A23599}.Debug|Any CPU.ActiveCfg = Debug|Any CPU
		{DF0D4F9C-26ED-416F-8859-582495A23599}.Debug|Any CPU.Build.0 = Debug|Any CPU
		{DF0D4F9C-26ED-416F-8859-582495A23599}.Release|Any CPU.ActiveCfg = Release|Any CPU
		{DF0D4F9C-26ED-416F-8859-582495A23599}.Release|Any CPU.Build.0 = Release|Any CPU
		{0E5BEF57-5D0F-414C-8B3D-B8A3924BDE71}.Debug|Any CPU.ActiveCfg = Debug|Any CPU
		{0E5BEF57-5D0F-414C-8B3D-B8A3924BDE71}.Debug|Any CPU.Build.0 = Debug|Any CPU
		{0E5BEF57-5D0F-414C-8B3D-B8A3924BDE71}.Release|Any CPU.ActiveCfg = Release|Any CPU
		{0E5BEF57-5D0F-414C-8B3D-B8A3924BDE71}.Release|Any CPU.Build.0 = Release|Any CPU
		{65EB8D41-2BEF-4627-B1B6-CD295563DB29}.Debug|Any CPU.ActiveCfg = Debug|Any CPU
		{65EB8D41-2BEF-4627-B1B6-CD295563DB29}.Debug|Any CPU.Build.0 = Debug|Any CPU
		{65EB8D41-2BEF-4627-B1B6-CD295563DB29}.Release|Any CPU.ActiveCfg = Release|Any CPU
		{65EB8D41-2BEF-4627-B1B6-CD295563DB29}.Release|Any CPU.Build.0 = Release|Any CPU
		{D94BA931-0CB8-421A-9067-E7797BB17D49}.Debug|Any CPU.ActiveCfg = Debug|Any CPU
		{D94BA931-0CB8-421A-9067-E7797BB17D49}.Debug|Any CPU.Build.0 = Debug|Any CPU
		{D94BA931-0CB8-421A-9067-E7797BB17D49}.Release|Any CPU.ActiveCfg = Release|Any CPU
		{D94BA931-0CB8-421A-9067-E7797BB17D49}.Release|Any CPU.Build.0 = Release|Any CPU
		{C69AC190-6081-4A36-B140-6A7CBCCCE990}.Debug|Any CPU.ActiveCfg = Debug|Any CPU
		{C69AC190-6081-4A36-B140-6A7CBCCCE990}.Debug|Any CPU.Build.0 = Debug|Any CPU
		{C69AC190-6081-4A36-B140-6A7CBCCCE990}.Release|Any CPU.ActiveCfg = Release|Any CPU
		{C69AC190-6081-4A36-B140-6A7CBCCCE990}.Release|Any CPU.Build.0 = Release|Any CPU
	EndGlobalSection
	GlobalSection(SolutionProperties) = preSolution
		HideSolutionNode = FALSE
	EndGlobalSection
EndGlobal
